// !$*UTF8*$!
{
	archiveVersion = 1;
	classes = {
	};
	objectVersion = 48;
	objects = {

/* Begin PBXBuildFile section */
		A900AEB0201597AA00C6BC11 /* ColdCollectionViewController.swift in Sources */ = {isa = PBXBuildFile; fileRef = A900AEAF201597AA00C6BC11 /* ColdCollectionViewController.swift */; };
		A900AEB2201597C300C6BC11 /* myColdCell.swift in Sources */ = {isa = PBXBuildFile; fileRef = A900AEB1201597C300C6BC11 /* myColdCell.swift */; };
		A99EC0331FCA6B9A00108221 /* CollectionViewController.swift in Sources */ = {isa = PBXBuildFile; fileRef = A99EC0321FCA6B9900108221 /* CollectionViewController.swift */; };
		A99EC0351FCA736200108221 /* myCell.swift in Sources */ = {isa = PBXBuildFile; fileRef = A99EC0341FCA736100108221 /* myCell.swift */; };
		A9ADBC542012FE940093C5D7 /* CloudyCollectionViewController.swift in Sources */ = {isa = PBXBuildFile; fileRef = A9ADBC532012FE940093C5D7 /* CloudyCollectionViewController.swift */; };
		A9ADBC562012FEE20093C5D7 /* myCloudyCell.swift in Sources */ = {isa = PBXBuildFile; fileRef = A9ADBC552012FEE20093C5D7 /* myCloudyCell.swift */; };
		A9F0A6E81FC9D0CB006BE7A1 /* AppDelegate.swift in Sources */ = {isa = PBXBuildFile; fileRef = A9F0A6E71FC9D0CB006BE7A1 /* AppDelegate.swift */; };
		A9F0A6EA1FC9D0CB006BE7A1 /* ViewController.swift in Sources */ = {isa = PBXBuildFile; fileRef = A9F0A6E91FC9D0CB006BE7A1 /* ViewController.swift */; };
		A9F0A6ED1FC9D0CB006BE7A1 /* Main.storyboard in Resources */ = {isa = PBXBuildFile; fileRef = A9F0A6EB1FC9D0CB006BE7A1 /* Main.storyboard */; };
		A9F0A6EF1FC9D0CB006BE7A1 /* Assets.xcassets in Resources */ = {isa = PBXBuildFile; fileRef = A9F0A6EE1FC9D0CB006BE7A1 /* Assets.xcassets */; };
		A9F0A6F21FC9D0CB006BE7A1 /* LaunchScreen.storyboard in Resources */ = {isa = PBXBuildFile; fileRef = A9F0A6F01FC9D0CB006BE7A1 /* LaunchScreen.storyboard */; };
		A9F0A6FA1FC9E72C006BE7A1 /* myPhotoFileFolder.swift in Sources */ = {isa = PBXBuildFile; fileRef = A9F0A6F91FC9E72C006BE7A1 /* myPhotoFileFolder.swift */; };
/* End PBXBuildFile section */

/* Begin PBXFileReference section */
		A900AEAF201597AA00C6BC11 /* ColdCollectionViewController.swift */ = {isa = PBXFileReference; lastKnownFileType = sourcecode.swift; path = ColdCollectionViewController.swift; sourceTree = "<group>"; };
		A900AEB1201597C300C6BC11 /* myColdCell.swift */ = {isa = PBXFileReference; lastKnownFileType = sourcecode.swift; path = myColdCell.swift; sourceTree = "<group>"; };
		A99EC0321FCA6B9900108221 /* CollectionViewController.swift */ = {isa = PBXFileReference; lastKnownFileType = sourcecode.swift; path = CollectionViewController.swift; sourceTree = "<group>"; };
		A99EC0341FCA736100108221 /* myCell.swift */ = {isa = PBXFileReference; lastKnownFileType = sourcecode.swift; path = myCell.swift; sourceTree = "<group>"; };
		A9ADBC532012FE940093C5D7 /* CloudyCollectionViewController.swift */ = {isa = PBXFileReference; lastKnownFileType = sourcecode.swift; path = CloudyCollectionViewController.swift; sourceTree = "<group>"; };
		A9ADBC552012FEE20093C5D7 /* myCloudyCell.swift */ = {isa = PBXFileReference; lastKnownFileType = sourcecode.swift; path = myCloudyCell.swift; sourceTree = "<group>"; };
		A9F0A6E41FC9D0CB006BE7A1 /* UIImagePIckerViewTest.app */ = {isa = PBXFileReference; explicitFileType = wrapper.application; includeInIndex = 0; path = UIImagePIckerViewTest.app; sourceTree = BUILT_PRODUCTS_DIR; };
		A9F0A6E71FC9D0CB006BE7A1 /* AppDelegate.swift */ = {isa = PBXFileReference; lastKnownFileType = sourcecode.swift; path = AppDelegate.swift; sourceTree = "<group>"; };
		A9F0A6E91FC9D0CB006BE7A1 /* ViewController.swift */ = {isa = PBXFileReference; lastKnownFileType = sourcecode.swift; path = ViewController.swift; sourceTree = "<group>"; };
		A9F0A6EC1FC9D0CB006BE7A1 /* Base */ = {isa = PBXFileReference; lastKnownFileType = file.storyboard; name = Base; path = Base.lproj/Main.storyboard; sourceTree = "<group>"; };
		A9F0A6EE1FC9D0CB006BE7A1 /* Assets.xcassets */ = {isa = PBXFileReference; lastKnownFileType = folder.assetcatalog; path = Assets.xcassets; sourceTree = "<group>"; };
		A9F0A6F11FC9D0CB006BE7A1 /* Base */ = {isa = PBXFileReference; lastKnownFileType = file.storyboard; name = Base; path = Base.lproj/LaunchScreen.storyboard; sourceTree = "<group>"; };
		A9F0A6F31FC9D0CB006BE7A1 /* Info.plist */ = {isa = PBXFileReference; lastKnownFileType = text.plist.xml; path = Info.plist; sourceTree = "<group>"; };
		A9F0A6F91FC9E72C006BE7A1 /* myPhotoFileFolder.swift */ = {isa = PBXFileReference; lastKnownFileType = sourcecode.swift; path = myPhotoFileFolder.swift; sourceTree = "<group>"; };
/* End PBXFileReference section */

/* Begin PBXFrameworksBuildPhase section */
		A9F0A6E11FC9D0CB006BE7A1 /* Frameworks */ = {
			isa = PBXFrameworksBuildPhase;
			buildActionMask = 2147483647;
			files = (
			);
			runOnlyForDeploymentPostprocessing = 0;
		};
/* End PBXFrameworksBuildPhase section */

/* Begin PBXGroup section */
		A9F0A6DB1FC9D0CB006BE7A1 = {
			isa = PBXGroup;
			children = (
				A9F0A6E61FC9D0CB006BE7A1 /* UIImagePIckerViewTest */,
				A9F0A6E51FC9D0CB006BE7A1 /* Products */,
			);
			sourceTree = "<group>";
		};
		A9F0A6E51FC9D0CB006BE7A1 /* Products */ = {
			isa = PBXGroup;
			children = (
				A9F0A6E41FC9D0CB006BE7A1 /* UIImagePIckerViewTest.app */,
			);
			name = Products;
			sourceTree = "<group>";
		};
		A9F0A6E61FC9D0CB006BE7A1 /* UIImagePIckerViewTest */ = {
			isa = PBXGroup;
			children = (
				A9F0A6E71FC9D0CB006BE7A1 /* AppDelegate.swift */,
				A9F0A6E91FC9D0CB006BE7A1 /* ViewController.swift */,
				A99EC0321FCA6B9900108221 /* CollectionViewController.swift */,
				A9ADBC532012FE940093C5D7 /* CloudyCollectionViewController.swift */,
				A900AEAF201597AA00C6BC11 /* ColdCollectionViewController.swift */,
				A9F0A6F91FC9E72C006BE7A1 /* myPhotoFileFolder.swift */,
				A99EC0341FCA736100108221 /* myCell.swift */,
				A9ADBC552012FEE20093C5D7 /* myCloudyCell.swift */,
				A900AEB1201597C300C6BC11 /* myColdCell.swift */,
				A9F0A6EB1FC9D0CB006BE7A1 /* Main.storyboard */,
				A9F0A6EE1FC9D0CB006BE7A1 /* Assets.xcassets */,
				A9F0A6F01FC9D0CB006BE7A1 /* LaunchScreen.storyboard */,
				A9F0A6F31FC9D0CB006BE7A1 /* Info.plist */,
			);
			path = UIImagePIckerViewTest;
			sourceTree = "<group>";
		};
/* End PBXGroup section */

/* Begin PBXNativeTarget section */
		A9F0A6E31FC9D0CB006BE7A1 /* UIImagePIckerViewTest */ = {
			isa = PBXNativeTarget;
			buildConfigurationList = A9F0A6F61FC9D0CB006BE7A1 /* Build configuration list for PBXNativeTarget "UIImagePIckerViewTest" */;
			buildPhases = (
				A9F0A6E01FC9D0CB006BE7A1 /* Sources */,
				A9F0A6E11FC9D0CB006BE7A1 /* Frameworks */,
				A9F0A6E21FC9D0CB006BE7A1 /* Resources */,
			);
			buildRules = (
			);
			dependencies = (
			);
			name = UIImagePIckerViewTest;
			productName = UIImagePIckerViewTest;
			productReference = A9F0A6E41FC9D0CB006BE7A1 /* UIImagePIckerViewTest.app */;
			productType = "com.apple.product-type.application";
		};
/* End PBXNativeTarget section */

/* Begin PBXProject section */
		A9F0A6DC1FC9D0CB006BE7A1 /* Project object */ = {
			isa = PBXProject;
			attributes = {
				LastSwiftUpdateCheck = 0910;
				LastUpgradeCheck = 0910;
				ORGANIZATIONNAME = "Robin Allemand";
				TargetAttributes = {
					A9F0A6E31FC9D0CB006BE7A1 = {
						CreatedOnToolsVersion = 9.1;
						ProvisioningStyle = Automatic;
					};
				};
			};
			buildConfigurationList = A9F0A6DF1FC9D0CB006BE7A1 /* Build configuration list for PBXProject "UIImagePIckerViewTest" */;
			compatibilityVersion = "Xcode 8.0";
			developmentRegion = en;
			hasScannedForEncodings = 0;
			knownRegions = (
				en,
				Base,
			);
			mainGroup = A9F0A6DB1FC9D0CB006BE7A1;
			productRefGroup = A9F0A6E51FC9D0CB006BE7A1 /* Products */;
			projectDirPath = "";
			projectRoot = "";
			targets = (
				A9F0A6E31FC9D0CB006BE7A1 /* UIImagePIckerViewTest */,
			);
		};
/* End PBXProject section */

/* Begin PBXResourcesBuildPhase section */
		A9F0A6E21FC9D0CB006BE7A1 /* Resources */ = {
			isa = PBXResourcesBuildPhase;
			buildActionMask = 2147483647;
			files = (
				A9F0A6F21FC9D0CB006BE7A1 /* LaunchScreen.storyboard in Resources */,
				A9F0A6EF1FC9D0CB006BE7A1 /* Assets.xcassets in Resources */,
				A9F0A6ED1FC9D0CB006BE7A1 /* Main.storyboard in Resources */,
			);
			runOnlyForDeploymentPostprocessing = 0;
		};
/* End PBXResourcesBuildPhase section */

/* Begin PBXSourcesBuildPhase section */
		A9F0A6E01FC9D0CB006BE7A1 /* Sources */ = {
			isa = PBXSourcesBuildPhase;
			buildActionMask = 2147483647;
			files = (
				A9ADBC542012FE940093C5D7 /* CloudyCollectionViewController.swift in Sources */,
				A900AEB2201597C300C6BC11 /* myColdCell.swift in Sources */,
				A99EC0331FCA6B9A00108221 /* CollectionViewController.swift in Sources */,
				A900AEB0201597AA00C6BC11 /* ColdCollectionViewController.swift in Sources */,
				A9ADBC562012FEE20093C5D7 /* myCloudyCell.swift in Sources */,
				A9F0A6FA1FC9E72C006BE7A1 /* myPhotoFileFolder.swift in Sources */,
				A99EC0351FCA736200108221 /* myCell.swift in Sources */,
				A9F0A6EA1FC9D0CB006BE7A1 /* ViewController.swift in Sources */,
				A9F0A6E81FC9D0CB006BE7A1 /* AppDelegate.swift in Sources */,
			);
			runOnlyForDeploymentPostprocessing = 0;
		};
/* End PBXSourcesBuildPhase section */

/* Begin PBXVariantGroup section */
		A9F0A6EB1FC9D0CB006BE7A1 /* Main.storyboard */ = {
			isa = PBXVariantGroup;
			children = (
				A9F0A6EC1FC9D0CB006BE7A1 /* Base */,
			);
			name = Main.storyboard;
			sourceTree = "<group>";
		};
		A9F0A6F01FC9D0CB006BE7A1 /* LaunchScreen.storyboard */ = {
			isa = PBXVariantGroup;
			children = (
				A9F0A6F11FC9D0CB006BE7A1 /* Base */,
			);
			name = LaunchScreen.storyboard;
			sourceTree = "<group>";
		};
/* End PBXVariantGroup section */

/* Begin XCBuildConfiguration section */
		A9F0A6F41FC9D0CB006BE7A1 /* Debug */ = {
			isa = XCBuildConfiguration;
			buildSettings = {
				ALWAYS_SEARCH_USER_PATHS = NO;
				CLANG_ANALYZER_NONNULL = YES;
				CLANG_ANALYZER_NUMBER_OBJECT_CONVERSION = YES_AGGRESSIVE;
				CLANG_CXX_LANGUAGE_STANDARD = "gnu++14";
				CLANG_CXX_LIBRARY = "libc++";
				CLANG_ENABLE_MODULES = YES;
				CLANG_ENABLE_OBJC_ARC = YES;
				CLANG_WARN_BLOCK_CAPTURE_AUTORELEASING = YES;
				CLANG_WARN_BOOL_CONVERSION = YES;
				CLANG_WARN_COMMA = YES;
				CLANG_WARN_CONSTANT_CONVERSION = YES;
				CLANG_WARN_DIRECT_OBJC_ISA_USAGE = YES_ERROR;
				CLANG_WARN_DOCUMENTATION_COMMENTS = YES;
				CLANG_WARN_EMPTY_BODY = YES;
				CLANG_WARN_ENUM_CONVERSION = YES;
				CLANG_WARN_INFINITE_RECURSION = YES;
				CLANG_WARN_INT_CONVERSION = YES;
				CLANG_WARN_NON_LITERAL_NULL_CONVERSION = YES;
				CLANG_WARN_OBJC_LITERAL_CONVERSION = YES;
				CLANG_WARN_OBJC_ROOT_CLASS = YES_ERROR;
				CLANG_WARN_RANGE_LOOP_ANALYSIS = YES;
				CLANG_WARN_STRICT_PROTOTYPES = YES;
				CLANG_WARN_SUSPICIOUS_MOVE = YES;
				CLANG_WARN_UNGUARDED_AVAILABILITY = YES_AGGRESSIVE;
				CLANG_WARN_UNREACHABLE_CODE = YES;
				CLANG_WARN__DUPLICATE_METHOD_MATCH = YES;
				CODE_SIGN_IDENTITY = "iPhone Developer";
				COPY_PHASE_STRIP = NO;
				DEBUG_INFORMATION_FORMAT = dwarf;
				ENABLE_STRICT_OBJC_MSGSEND = YES;
				ENABLE_TESTABILITY = YES;
				GCC_C_LANGUAGE_STANDARD = gnu11;
				GCC_DYNAMIC_NO_PIC = NO;
				GCC_NO_COMMON_BLOCKS = YES;
				GCC_OPTIMIZATION_LEVEL = 0;
				GCC_PREPROCESSOR_DEFINITIONS = (
					"DEBUG=1",
					"$(inherited)",
				);
				GCC_WARN_64_TO_32_BIT_CONVERSION = YES;
				GCC_WARN_ABOUT_RETURN_TYPE = YES_ERROR;
				GCC_WARN_UNDECLARED_SELECTOR = YES;
				GCC_WARN_UNINITIALIZED_AUTOS = YES_AGGRESSIVE;
				GCC_WARN_UNUSED_FUNCTION = YES;
				GCC_WARN_UNUSED_VARIABLE = YES;
				IPHONEOS_DEPLOYMENT_TARGET = 11.1;
				MTL_ENABLE_DEBUG_INFO = YES;
				ONLY_ACTIVE_ARCH = YES;
				SDKROOT = iphoneos;
				SWIFT_ACTIVE_COMPILATION_CONDITIONS = DEBUG;
				SWIFT_OPTIMIZATION_LEVEL = "-Onone";
			};
			name = Debug;
		};
		A9F0A6F51FC9D0CB006BE7A1 /* Release */ = {
			isa = XCBuildConfiguration;
			buildSettings = {
				ALWAYS_SEARCH_USER_PATHS = NO;
				CLANG_ANALYZER_NONNULL = YES;
				CLANG_ANALYZER_NUMBER_OBJECT_CONVERSION = YES_AGGRESSIVE;
				CLANG_CXX_LANGUAGE_STANDARD = "gnu++14";
				CLANG_CXX_LIBRARY = "libc++";
				CLANG_ENABLE_MODULES = YES;
				CLANG_ENABLE_OBJC_ARC = YES;
				CLANG_WARN_BLOCK_CAPTURE_AUTORELEASING = YES;
				CLANG_WARN_BOOL_CONVERSION = YES;
				CLANG_WARN_COMMA = YES;
				CLANG_WARN_CONSTANT_CONVERSION = YES;
				CLANG_WARN_DIRECT_OBJC_ISA_USAGE = YES_ERROR;
				CLANG_WARN_DOCUMENTATION_COMMENTS = YES;
				CLANG_WARN_EMPTY_BODY = YES;
				CLANG_WARN_ENUM_CONVERSION = YES;
				CLANG_WARN_INFINITE_RECURSION = YES;
				CLANG_WARN_INT_CONVERSION = YES;
				CLANG_WARN_NON_LITERAL_NULL_CONVERSION = YES;
				CLANG_WARN_OBJC_LITERAL_CONVERSION = YES;
				CLANG_WARN_OBJC_ROOT_CLASS = YES_ERROR;
				CLANG_WARN_RANGE_LOOP_ANALYSIS = YES;
				CLANG_WARN_STRICT_PROTOTYPES = YES;
				CLANG_WARN_SUSPICIOUS_MOVE = YES;
				CLANG_WARN_UNGUARDED_AVAILABILITY = YES_AGGRESSIVE;
				CLANG_WARN_UNREACHABLE_CODE = YES;
				CLANG_WARN__DUPLICATE_METHOD_MATCH = YES;
				CODE_SIGN_IDENTITY = "iPhone Developer";
				COPY_PHASE_STRIP = NO;
				DEBUG_INFORMATION_FORMAT = "dwarf-with-dsym";
				ENABLE_NS_ASSERTIONS = NO;
				ENABLE_STRICT_OBJC_MSGSEND = YES;
				GCC_C_LANGUAGE_STANDARD = gnu11;
				GCC_NO_COMMON_BLOCKS = YES;
				GCC_WARN_64_TO_32_BIT_CONVERSION = YES;
				GCC_WARN_ABOUT_RETURN_TYPE = YES_ERROR;
				GCC_WARN_UNDECLARED_SELECTOR = YES;
				GCC_WARN_UNINITIALIZED_AUTOS = YES_AGGRESSIVE;
				GCC_WARN_UNUSED_FUNCTION = YES;
				GCC_WARN_UNUSED_VARIABLE = YES;
				IPHONEOS_DEPLOYMENT_TARGET = 11.1;
				MTL_ENABLE_DEBUG_INFO = NO;
				SDKROOT = iphoneos;
				SWIFT_OPTIMIZATION_LEVEL = "-Owholemodule";
				VALIDATE_PRODUCT = YES;
			};
			name = Release;
		};
		A9F0A6F71FC9D0CB006BE7A1 /* Debug */ = {
			isa = XCBuildConfiguration;
			buildSettings = {
				ASSETCATALOG_COMPILER_APPICON_NAME = AppIcon;
				CODE_SIGN_STYLE = Automatic;
				DEVELOPMENT_TEAM = 977XR9D7BN;
				INFOPLIST_FILE = UIImagePIckerViewTest/Info.plist;
				LD_RUNPATH_SEARCH_PATHS = "$(inherited) @executable_path/Frameworks";
				PRODUCT_BUNDLE_IDENTIFIER = com.practice.robones12.UIImagePIckerViewTest;
				PRODUCT_NAME = "$(TARGET_NAME)";
				SWIFT_VERSION = 4.0;
				TARGETED_DEVICE_FAMILY = "1,2";
			};
			name = Debug;
		};
		A9F0A6F81FC9D0CB006BE7A1 /* Release */ = {
			isa = XCBuildConfiguration;
			buildSettings = {
				ASSETCATALOG_COMPILER_APPICON_NAME = AppIcon;
				CODE_SIGN_STYLE = Automatic;
				DEVELOPMENT_TEAM = 977XR9D7BN;
				INFOPLIST_FILE = UIImagePIckerViewTest/Info.plist;
				LD_RUNPATH_SEARCH_PATHS = "$(inherited) @executable_path/Frameworks";
				PRODUCT_BUNDLE_IDENTIFIER = com.practice.robones12.UIImagePIckerViewTest;
				PRODUCT_NAME = "$(TARGET_NAME)";
				SWIFT_VERSION = 4.0;
				TARGETED_DEVICE_FAMILY = "1,2";
			};
			name = Release;
		};
/* End XCBuildConfiguration section */

/* Begin XCConfigurationList section */
		A9F0A6DF1FC9D0CB006BE7A1 /* Build configuration list for PBXProject "UIImagePIckerViewTest" */ = {
			isa = XCConfigurationList;
			buildConfigurations = (
				A9F0A6F41FC9D0CB006BE7A1 /* Debug */,
				A9F0A6F51FC9D0CB006BE7A1 /* Release */,
			);
			defaultConfigurationIsVisible = 0;
			defaultConfigurationName = Release;
		};
		A9F0A6F61FC9D0CB006BE7A1 /* Build configuration list for PBXNativeTarget "UIImagePIckerViewTest" */ = {
			isa = XCConfigurationList;
			buildConfigurations = (
				A9F0A6F71FC9D0CB006BE7A1 /* Debug */,
				A9F0A6F81FC9D0CB006BE7A1 /* Release */,
			);
			defaultConfigurationIsVisible = 0;
			defaultConfigurationName = Release;
		};
/* End XCConfigurationList section */
	};
	rootObject = A9F0A6DC1FC9D0CB006BE7A1 /* Project object */;
}
